{
  "name": "iPen_Display_Marker",
  "lockfileVersion": 2,
  "requires": true,
  "packages": {
    "": {
      "dependencies": {
        "pequena": "^1.1.8"
      }
    },
    "node_modules/pequena": {
      "version": "1.1.8",
      "resolved": "https://registry.npmjs.org/pequena/-/pequena-1.1.8.tgz",
      "integrity": "sha512-9J252rMudJnvoWsN1yv8WK2Pe4tbkrHogGf+wmCRtfRPdzMAm3aRYw/n4kCVGTmcTTnPIpsKq4JB+K5dRGa0hg==",
      "hasInstallScript": true
    }
  },
  "dependencies": {
    "pequena": {
      "version": "1.1.8",
      "resolved": "https://registry.npmjs.org/pequena/-/pequena-1.1.8.tgz",
      "integrity": "sha512-9J252rMudJnvoWsN1yv8WK2Pe4tbkrHogGf+wmCRtfRPdzMAm3aRYw/n4kCVGTmcTTnPIpsKq4JB+K5dRGa0hg=="
    }
  }
}
